lockfileVersion: '6.0'

settings:
  autoInstallPeers: true
  excludeLinksFromLockfile: false

devDependencies:
  '@rollup/plugin-alias':
    specifier: ^5.1.0
    version: registry.npmmirror.com/@rollup/plugin-alias@5.1.0(rollup@4.12.0)
  '@rollup/plugin-json':
    specifier: ^6.1.0
    version: registry.npmmirror.com/@rollup/plugin-json@6.1.0(rollup@4.12.0)
  '@rollup/plugin-node-resolve':
    specifier: ^15.2.3
    version: registry.npmmirror.com/@rollup/plugin-node-resolve@15.2.3(rollup@4.12.0)
  '@rollup/plugin-typescript':
    specifier: ^11.1.6
    version: registry.npmmirror.com/@rollup/plugin-typescript@11.1.6(rollup@4.12.0)(tslib@2.6.2)(typescript@5.3.3)
  rollup:
    specifier: ^4.12.0
    version: registry.npmmirror.com/rollup@4.12.0
  rollup-plugin-terser:
    specifier: ^7.0.2
    version: registry.npmmirror.com/rollup-plugin-terser@7.0.2(rollup@4.12.0)
  tslib:
    specifier: ^2.6.2
    version: registry.npmmirror.com/tslib@2.6.2
  typescript:
    specifier: ^5.3.3
    version: registry.npmmirror.com/typescript@5.3.3

packages:

  registry.npmmirror.com/@babel/code-frame@7.23.5:
    resolution: {integrity: sha512-CgH3s1a96LipHCmSUmYFPwY7MNx8C3avkq7i4Wl3cfa662ldtUe4VM1TPXX70pfmrlWTb6jLqTYrZyT2ZTJBgA==, registry: https://registry.npm.taobao.org/, tarball: https://registry.npmmirror.com/@babel/code-frame/-/code-frame-7.23.5.tgz}
    name: '@babel/code-frame'
    version: 7.23.5
    engines: {node: '>=6.9.0'}
    dependencies:
      '@babel/highlight': registry.npmmirror.com/@babel/highlight@7.23.4
      chalk: registry.npmmirror.com/chalk@2.4.2
    dev: true

  registry.npmmirror.com/@babel/helper-validator-identifier@7.22.20:
    resolution: {integrity: sha512-Y4OZ+ytlatR8AI+8KZfKuL5urKp7qey08ha31L8b3BwewJAoJamTzyvxPR/5D+KkdJCGPq/+8TukHBlY10FX9A==, registry: https://registry.npm.taobao.org/, tarball: https://registry.npmmirror.com/@babel/helper-validator-identifier/-/helper-validator-identifier-7.22.20.tgz}
    name: '@babel/helper-validator-identifier'
    version: 7.22.20
    engines: {node: '>=6.9.0'}
    dev: true

  registry.npmmirror.com/@babel/highlight@7.23.4:
    resolution: {integrity: sha512-acGdbYSfp2WheJoJm/EBBBLh/ID8KDc64ISZ9DYtBmC8/Q204PZJLHyzeB5qMzJ5trcOkybd78M4x2KWsUq++A==, registry: https://registry.npm.taobao.org/, tarball: https://registry.npmmirror.com/@babel/highlight/-/highlight-7.23.4.tgz}
    name: '@babel/highlight'
    version: 7.23.4
    engines: {node: '>=6.9.0'}
    dependencies:
      '@babel/helper-validator-identifier': registry.npmmirror.com/@babel/helper-validator-identifier@7.22.20
      chalk: registry.npmmirror.com/chalk@2.4.2
      js-tokens: registry.npmmirror.com/js-tokens@4.0.0
    dev: true

  registry.npmmirror.com/@jridgewell/gen-mapping@0.3.3:
    resolution: {integrity: sha512-HLhSWOLRi875zjjMG/r+Nv0oCW8umGb0BgEhyX3dDX3egwZtB8PqLnjz3yedt8R5StBrzcg4aBpnh8UA9D1BoQ==, registry: https://registry.npm.taobao.org/, tarball: https://registry.npmmirror.com/@jridgewell/gen-mapping/-/gen-mapping-0.3.3.tgz}
    name: '@jridgewell/gen-mapping'
    version: 0.3.3
    engines: {node: '>=6.0.0'}
    dependencies:
      '@jridgewell/set-array': registry.npmmirror.com/@jridgewell/set-array@1.1.2
      '@jridgewell/sourcemap-codec': registry.npmmirror.com/@jridgewell/sourcemap-codec@1.4.15
      '@jridgewell/trace-mapping': registry.npmmirror.com/@jridgewell/trace-mapping@0.3.22
    dev: true

  registry.npmmirror.com/@jridgewell/resolve-uri@3.1.2:
    resolution: {integrity: sha512-bRISgCIjP20/tbWSPWMEi54QVPRZExkuD9lJL+UIxUKtwVJA8wW1Trb1jMs1RFXo1CBTNZ/5hpC9QvmKWdopKw==, registry: https://registry.npm.taobao.org/, tarball: https://registry.npmmirror.com/@jridgewell/resolve-uri/-/resolve-uri-3.1.2.tgz}
    name: '@jridgewell/resolve-uri'
    version: 3.1.2
    engines: {node: '>=6.0.0'}
    dev: true

  registry.npmmirror.com/@jridgewell/set-array@1.1.2:
    resolution: {integrity: sha512-xnkseuNADM0gt2bs+BvhO0p78Mk762YnZdsuzFV018NoG1Sj1SCQvpSqa7XUaTam5vAGasABV9qXASMKnFMwMw==, registry: https://registry.npm.taobao.org/, tarball: https://registry.npmmirror.com/@jridgewell/set-array/-/set-array-1.1.2.tgz}
    name: '@jridgewell/set-array'
    version: 1.1.2
    engines: {node: '>=6.0.0'}
    dev: true

  registry.npmmirror.com/@jridgewell/source-map@0.3.5:
    resolution: {integrity: sha512-UTYAUj/wviwdsMfzoSJspJxbkH5o1snzwX0//0ENX1u/55kkZZkcTZP6u9bwKGkv+dkk9at4m1Cpt0uY80kcpQ==, registry: https://registry.npm.taobao.org/, tarball: https://registry.npmmirror.com/@jridgewell/source-map/-/source-map-0.3.5.tgz}
    name: '@jridgewell/source-map'
    version: 0.3.5
    dependencies:
      '@jridgewell/gen-mapping': registry.npmmirror.com/@jridgewell/gen-mapping@0.3.3
      '@jridgewell/trace-mapping': registry.npmmirror.com/@jridgewell/trace-mapping@0.3.22
    dev: true

  registry.npmmirror.com/@jridgewell/sourcemap-codec@1.4.15:
    resolution: {integrity: sha512-eF2rxCRulEKXHTRiDrDy6erMYWqNw4LPdQ8UQA4huuxaQsVeRPFl2oM8oDGxMFhJUWZf9McpLtJasDDZb/Bpeg==, registry: https://registry.npm.taobao.org/, tarball: https://registry.npmmirror.com/@jridgewell/sourcemap-codec/-/sourcemap-codec-1.4.15.tgz}
    name: '@jridgewell/sourcemap-codec'
    version: 1.4.15
    dev: true

  registry.npmmirror.com/@jridgewell/trace-mapping@0.3.22:
    resolution: {integrity: sha512-Wf963MzWtA2sjrNt+g18IAln9lKnlRp+K2eH4jjIoF1wYeq3aMREpG09xhlhdzS0EjwU7qmUJYangWa+151vZw==, registry: https://registry.npm.taobao.org/, tarball: https://registry.npmmirror.com/@jridgewell/trace-mapping/-/trace-mapping-0.3.22.tgz}
    name: '@jridgewell/trace-mapping'
    version: 0.3.22
    dependencies:
      '@jridgewell/resolve-uri': registry.npmmirror.com/@jridgewell/resolve-uri@3.1.2
      '@jridgewell/sourcemap-codec': registry.npmmirror.com/@jridgewell/sourcemap-codec@1.4.15
    dev: true

  registry.npmmirror.com/@rollup/plugin-alias@5.1.0(rollup@4.12.0):
    resolution: {integrity: sha512-lpA3RZ9PdIG7qqhEfv79tBffNaoDuukFDrmhLqg9ifv99u/ehn+lOg30x2zmhf8AQqQUZaMk/B9fZraQ6/acDQ==, registry: https://registry.npm.taobao.org/, tarball: https://registry.npmmirror.com/@rollup/plugin-alias/-/plugin-alias-5.1.0.tgz}
    id: registry.npmmirror.com/@rollup/plugin-alias/5.1.0
    name: '@rollup/plugin-alias'
    version: 5.1.0
    engines: {node: '>=14.0.0'}
    peerDependencies:
      rollup: ^1.20.0||^2.0.0||^3.0.0||^4.0.0
    peerDependenciesMeta:
      rollup:
        optional: true
    dependencies:
      rollup: registry.npmmirror.com/rollup@4.12.0
      slash: registry.npmmirror.com/slash@4.0.0
    dev: true

  registry.npmmirror.com/@rollup/plugin-json@6.1.0(rollup@4.12.0):
    resolution: {integrity: sha512-EGI2te5ENk1coGeADSIwZ7G2Q8CJS2sF120T7jLw4xFw9n7wIOXHo+kIYRAoVpJAN+kmqZSoO3Fp4JtoNF4ReA==, registry: https://registry.npm.taobao.org/, tarball: https://registry.npmmirror.com/@rollup/plugin-json/-/plugin-json-6.1.0.tgz}
    id: registry.npmmirror.com/@rollup/plugin-json/6.1.0
    name: '@rollup/plugin-json'
    version: 6.1.0
    engines: {node: '>=14.0.0'}
    peerDependencies:
      rollup: ^1.20.0||^2.0.0||^3.0.0||^4.0.0
    peerDependenciesMeta:
      rollup:
        optional: true
    dependencies:
      '@rollup/pluginutils': registry.npmmirror.com/@rollup/pluginutils@5.1.0(rollup@4.12.0)
      rollup: registry.npmmirror.com/rollup@4.12.0
    dev: true

  registry.npmmirror.com/@rollup/plugin-node-resolve@15.2.3(rollup@4.12.0):
    resolution: {integrity: sha512-j/lym8nf5E21LwBT4Df1VD6hRO2L2iwUeUmP7litikRsVp1H6NWx20NEp0Y7su+7XGc476GnXXc4kFeZNGmaSQ==, registry: https://registry.npm.taobao.org/, tarball: https://registry.npmmirror.com/@rollup/plugin-node-resolve/-/plugin-node-resolve-15.2.3.tgz}
    id: registry.npmmirror.com/@rollup/plugin-node-resolve/15.2.3
    name: '@rollup/plugin-node-resolve'
    version: 15.2.3
    engines: {node: '>=14.0.0'}
    peerDependencies:
      rollup: ^2.78.0||^3.0.0||^4.0.0
    peerDependenciesMeta:
      rollup:
        optional: true
    dependencies:
      '@rollup/pluginutils': registry.npmmirror.com/@rollup/pluginutils@5.1.0(rollup@4.12.0)
      '@types/resolve': registry.npmmirror.com/@types/resolve@1.20.2
      deepmerge: registry.npmmirror.com/deepmerge@4.3.1
      is-builtin-module: registry.npmmirror.com/is-builtin-module@3.2.1
      is-module: registry.npmmirror.com/is-module@1.0.0
      resolve: registry.npmmirror.com/resolve@1.22.8
      rollup: registry.npmmirror.com/rollup@4.12.0
    dev: true

  registry.npmmirror.com/@rollup/plugin-typescript@11.1.6(rollup@4.12.0)(tslib@2.6.2)(typescript@5.3.3):
    resolution: {integrity: sha512-R92yOmIACgYdJ7dJ97p4K69I8gg6IEHt8M7dUBxN3W6nrO8uUxX5ixl0yU/N3aZTi8WhPuICvOHXQvF6FaykAA==, registry: https://registry.npm.taobao.org/, tarball: https://registry.npmmirror.com/@rollup/plugin-typescript/-/plugin-typescript-11.1.6.tgz}
    id: registry.npmmirror.com/@rollup/plugin-typescript/11.1.6
    name: '@rollup/plugin-typescript'
    version: 11.1.6
    engines: {node: '>=14.0.0'}
    peerDependencies:
      rollup: ^2.14.0||^3.0.0||^4.0.0
      tslib: '*'
      typescript: '>=3.7.0'
    peerDependenciesMeta:
      rollup:
        optional: true
      tslib:
        optional: true
    dependencies:
      '@rollup/pluginutils': registry.npmmirror.com/@rollup/pluginutils@5.1.0(rollup@4.12.0)
      resolve: registry.npmmirror.com/resolve@1.22.8
      rollup: registry.npmmirror.com/rollup@4.12.0
      tslib: registry.npmmirror.com/tslib@2.6.2
      typescript: registry.npmmirror.com/typescript@5.3.3
    dev: true

  registry.npmmirror.com/@rollup/pluginutils@5.1.0(rollup@4.12.0):
    resolution: {integrity: sha512-XTIWOPPcpvyKI6L1NHo0lFlCyznUEyPmPY1mc3KpPVDYulHSTvyeLNVW00QTLIAFNhR3kYnJTQHeGqU4M3n09g==, registry: https://registry.npm.taobao.org/, tarball: https://registry.npmmirror.com/@rollup/pluginutils/-/pluginutils-5.1.0.tgz}
    id: registry.npmmirror.com/@rollup/pluginutils/5.1.0
    name: '@rollup/pluginutils'
    version: 5.1.0
    engines: {node: '>=14.0.0'}
    peerDependencies:
      rollup: ^1.20.0||^2.0.0||^3.0.0||^4.0.0
    peerDependenciesMeta:
      rollup:
        optional: true
    dependencies:
      '@types/estree': registry.npmmirror.com/@types/estree@1.0.5
      estree-walker: registry.npmmirror.com/estree-walker@2.0.2
      picomatch: registry.npmmirror.com/picomatch@2.3.1
      rollup: registry.npmmirror.com/rollup@4.12.0
    dev: true

  registry.npmmirror.com/@rollup/rollup-android-arm-eabi@4.12.0:
    resolution: {integrity: sha512-+ac02NL/2TCKRrJu2wffk1kZ+RyqxVUlbjSagNgPm94frxtr+XDL12E5Ll1enWskLrtrZ2r8L3wED1orIibV/w==, registry: https://registry.npm.taobao.org/, tarball: https://registry.npmmirror.com/@rollup/rollup-android-arm-eabi/-/rollup-android-arm-eabi-4.12.0.tgz}
    name: '@rollup/rollup-android-arm-eabi'
    version: 4.12.0
    cpu: [arm]
    os: [android]
    requiresBuild: true
    dev: true
    optional: true

  registry.npmmirror.com/@rollup/rollup-android-arm64@4.12.0:
    resolution: {integrity: sha512-OBqcX2BMe6nvjQ0Nyp7cC90cnumt8PXmO7Dp3gfAju/6YwG0Tj74z1vKrfRz7qAv23nBcYM8BCbhrsWqO7PzQQ==, registry: https://registry.npm.taobao.org/, tarball: https://registry.npmmirror.com/@rollup/rollup-android-arm64/-/rollup-android-arm64-4.12.0.tgz}
    name: '@rollup/rollup-android-arm64'
    version: 4.12.0
    cpu: [arm64]
    os: [android]
    requiresBuild: true
    dev: true
    optional: true

  registry.npmmirror.com/@rollup/rollup-darwin-arm64@4.12.0:
    resolution: {integrity: sha512-X64tZd8dRE/QTrBIEs63kaOBG0b5GVEd3ccoLtyf6IdXtHdh8h+I56C2yC3PtC9Ucnv0CpNFJLqKFVgCYe0lOQ==, registry: https://registry.npm.taobao.org/, tarball: https://registry.npmmirror.com/@rollup/rollup-darwin-arm64/-/rollup-darwin-arm64-4.12.0.tgz}
    name: '@rollup/rollup-darwin-arm64'
    version: 4.12.0
    cpu: [arm64]
    os: [darwin]
    requiresBuild: true
    dev: true
    optional: true

  registry.npmmirror.com/@rollup/rollup-darwin-x64@4.12.0:
    resolution: {integrity: sha512-cc71KUZoVbUJmGP2cOuiZ9HSOP14AzBAThn3OU+9LcA1+IUqswJyR1cAJj3Mg55HbjZP6OLAIscbQsQLrpgTOg==, registry: https://registry.npm.taobao.org/, tarball: https://registry.npmmirror.com/@rollup/rollup-darwin-x64/-/rollup-darwin-x64-4.12.0.tgz}
    name: '@rollup/rollup-darwin-x64'
    version: 4.12.0
    cpu: [x64]
    os: [darwin]
    requiresBuild: true
    dev: true
    optional: true

  registry.npmmirror.com/@rollup/rollup-linux-arm-gnueabihf@4.12.0:
    resolution: {integrity: sha512-a6w/Y3hyyO6GlpKL2xJ4IOh/7d+APaqLYdMf86xnczU3nurFTaVN9s9jOXQg97BE4nYm/7Ga51rjec5nfRdrvA==, registry: https://registry.npm.taobao.org/, tarball: https://registry.npmmirror.com/@rollup/rollup-linux-arm-gnueabihf/-/rollup-linux-arm-gnueabihf-4.12.0.tgz}
    name: '@rollup/rollup-linux-arm-gnueabihf'
    version: 4.12.0
    cpu: [arm]
    os: [linux]
    requiresBuild: true
    dev: true
    optional: true

  registry.npmmirror.com/@rollup/rollup-linux-arm64-gnu@4.12.0:
    resolution: {integrity: sha512-0fZBq27b+D7Ar5CQMofVN8sggOVhEtzFUwOwPppQt0k+VR+7UHMZZY4y+64WJ06XOhBTKXtQB/Sv0NwQMXyNAA==, registry: https://registry.npm.taobao.org/, tarball: https://registry.npmmirror.com/@rollup/rollup-linux-arm64-gnu/-/rollup-linux-arm64-gnu-4.12.0.tgz}
    name: '@rollup/rollup-linux-arm64-gnu'
    version: 4.12.0
    cpu: [arm64]
    os: [linux]
    libc: [glibc]
    requiresBuild: true
    dev: true
    optional: true

  registry.npmmirror.com/@rollup/rollup-linux-arm64-musl@4.12.0:
    resolution: {integrity: sha512-eTvzUS3hhhlgeAv6bfigekzWZjaEX9xP9HhxB0Dvrdbkk5w/b+1Sxct2ZuDxNJKzsRStSq1EaEkVSEe7A7ipgQ==, registry: https://registry.npm.taobao.org/, tarball: https://registry.npmmirror.com/@rollup/rollup-linux-arm64-musl/-/rollup-linux-arm64-musl-4.12.0.tgz}
    name: '@rollup/rollup-linux-arm64-musl'
    version: 4.12.0
    cpu: [arm64]
    os: [linux]
    libc: [musl]
    requiresBuild: true
    dev: true
    optional: true

  registry.npmmirror.com/@rollup/rollup-linux-riscv64-gnu@4.12.0:
    resolution: {integrity: sha512-ix+qAB9qmrCRiaO71VFfY8rkiAZJL8zQRXveS27HS+pKdjwUfEhqo2+YF2oI+H/22Xsiski+qqwIBxVewLK7sw==, registry: https://registry.npm.taobao.org/, tarball: https://registry.npmmirror.com/@rollup/rollup-linux-riscv64-gnu/-/rollup-linux-riscv64-gnu-4.12.0.tgz}
    name: '@rollup/rollup-linux-riscv64-gnu'
    version: 4.12.0
    cpu: [riscv64]
    os: [linux]
    libc: [glibc]
    requiresBuild: true
    dev: true
    optional: true

  registry.npmmirror.com/@rollup/rollup-linux-x64-gnu@4.12.0:
    resolution: {integrity: sha512-TenQhZVOtw/3qKOPa7d+QgkeM6xY0LtwzR8OplmyL5LrgTWIXpTQg2Q2ycBf8jm+SFW2Wt/DTn1gf7nFp3ssVA==, registry: https://registry.npm.taobao.org/, tarball: https://registry.npmmirror.com/@rollup/rollup-linux-x64-gnu/-/rollup-linux-x64-gnu-4.12.0.tgz}
    name: '@rollup/rollup-linux-x64-gnu'
    version: 4.12.0
    cpu: [x64]
    os: [linux]
    libc: [glibc]
    requiresBuild: true
    dev: true
    optional: true

  registry.npmmirror.com/@rollup/rollup-linux-x64-musl@4.12.0:
    resolution: {integrity: sha512-LfFdRhNnW0zdMvdCb5FNuWlls2WbbSridJvxOvYWgSBOYZtgBfW9UGNJG//rwMqTX1xQE9BAodvMH9tAusKDUw==, registry: https://registry.npm.taobao.org/, tarball: https://registry.npmmirror.com/@rollup/rollup-linux-x64-musl/-/rollup-linux-x64-musl-4.12.0.tgz}
    name: '@rollup/rollup-linux-x64-musl'
    version: 4.12.0
    cpu: [x64]
    os: [linux]
    libc: [musl]
    requiresBuild: true
    dev: true
    optional: true

  registry.npmmirror.com/@rollup/rollup-win32-arm64-msvc@4.12.0:
    resolution: {integrity: sha512-JPDxovheWNp6d7AHCgsUlkuCKvtu3RB55iNEkaQcf0ttsDU/JZF+iQnYcQJSk/7PtT4mjjVG8N1kpwnI9SLYaw==, registry: https://registry.npm.taobao.org/, tarball: https://registry.npmmirror.com/@rollup/rollup-win32-arm64-msvc/-/rollup-win32-arm64-msvc-4.12.0.tgz}
    name: '@rollup/rollup-win32-arm64-msvc'
    version: 4.12.0
    cpu: [arm64]
    os: [win32]
    requiresBuild: true
    dev: true
    optional: true

  registry.npmmirror.com/@rollup/rollup-win32-ia32-msvc@4.12.0:
    resolution: {integrity: sha512-fjtuvMWRGJn1oZacG8IPnzIV6GF2/XG+h71FKn76OYFqySXInJtseAqdprVTDTyqPxQOG9Exak5/E9Z3+EJ8ZA==, registry: https://registry.npm.taobao.org/, tarball: https://registry.npmmirror.com/@rollup/rollup-win32-ia32-msvc/-/rollup-win32-ia32-msvc-4.12.0.tgz}
    name: '@rollup/rollup-win32-ia32-msvc'
    version: 4.12.0
    cpu: [ia32]
    os: [win32]
    requiresBuild: true
    dev: true
    optional: true

  registry.npmmirror.com/@rollup/rollup-win32-x64-msvc@4.12.0:
    resolution: {integrity: sha512-ZYmr5mS2wd4Dew/JjT0Fqi2NPB/ZhZ2VvPp7SmvPZb4Y1CG/LRcS6tcRo2cYU7zLK5A7cdbhWnnWmUjoI4qapg==, registry: https://registry.npm.taobao.org/, tarball: https://registry.npmmirror.com/@rollup/rollup-win32-x64-msvc/-/rollup-win32-x64-msvc-4.12.0.tgz}
    name: '@rollup/rollup-win32-x64-msvc'
    version: 4.12.0
    cpu: [x64]
    os: [win32]
    requiresBuild: true
    dev: true
    optional: true

  registry.npmmirror.com/@types/estree@1.0.5:
    resolution: {integrity: sha512-/kYRxGDLWzHOB7q+wtSUQlFrtcdUccpfy+X+9iMBpHK8QLLhx2wIPYuS5DYtR9Wa/YlZAbIovy7qVdB1Aq6Lyw==, registry: https://registry.npm.taobao.org/, tarball: https://registry.npmmirror.com/@types/estree/-/estree-1.0.5.tgz}
    name: '@types/estree'
    version: 1.0.5
    dev: true

  registry.npmmirror.com/@types/node@20.11.20:
    resolution: {integrity: sha512-7/rR21OS+fq8IyHTgtLkDK949uzsa6n8BkziAKtPVpugIkO6D+/ooXMvzXxDnZrmtXVfjb1bKQafYpb8s89LOg==, registry: https://registry.npm.taobao.org/, tarball: https://registry.npmmirror.com/@types/node/-/node-20.11.20.tgz}
    name: '@types/node'
    version: 20.11.20
    dependencies:
      undici-types: registry.npmmirror.com/undici-types@5.26.5
    dev: true

  registry.npmmirror.com/@types/resolve@1.20.2:
    resolution: {integrity: sha512-60BCwRFOZCQhDncwQdxxeOEEkbc5dIMccYLwbxsS4TUNeVECQ/pBJ0j09mrHOl/JJvpRPGwO9SvE4nR2Nb/a4Q==, registry: https://registry.npm.taobao.org/, tarball: https://registry.npmmirror.com/@types/resolve/-/resolve-1.20.2.tgz}
    name: '@types/resolve'
    version: 1.20.2
    dev: true

  registry.npmmirror.com/acorn@8.11.3:
    resolution: {integrity: sha512-Y9rRfJG5jcKOE0CLisYbojUjIrIEE7AGMzA/Sm4BslANhbS+cDMpgBdcPT91oJ7OuJ9hYJBx59RjbhxVnrF8Xg==, registry: https://registry.npm.taobao.org/, tarball: https://registry.npmmirror.com/acorn/-/acorn-8.11.3.tgz}
    name: acorn
    version: 8.11.3
    engines: {node: '>=0.4.0'}
    hasBin: true
    dev: true

  registry.npmmirror.com/ansi-styles@3.2.1:
    resolution: {integrity: sha512-VT0ZI6kZRdTh8YyJw3SMbYm/u+NqfsAxEpWO0Pf9sq8/e94WxxOpPKx9FR1FlyCtOVDNOQ+8ntlqFxiRc+r5qA==, registry: https://registry.npm.taobao.org/, tarball: https://registry.npmmirror.com/ansi-styles/-/ansi-styles-3.2.1.tgz}
    name: ansi-styles
    version: 3.2.1
    engines: {node: '>=4'}
    dependencies:
      color-convert: registry.npmmirror.com/color-convert@1.9.3
    dev: true

  registry.npmmirror.com/buffer-from@1.1.2:
    resolution: {integrity: sha512-E+XQCRwSbaaiChtv6k6Dwgc+bx+Bs6vuKJHHl5kox/BaKbhiXzqQOwK4cO22yElGp2OCmjwVhT3HmxgyPGnJfQ==, registry: https://registry.npm.taobao.org/, tarball: https://registry.npmmirror.com/buffer-from/-/buffer-from-1.1.2.tgz}
    name: buffer-from
    version: 1.1.2
    dev: true

  registry.npmmirror.com/builtin-modules@3.3.0:
    resolution: {integrity: sha512-zhaCDicdLuWN5UbN5IMnFqNMhNfo919sH85y2/ea+5Yg9TsTkeZxpL+JLbp6cgYFS4sRLp3YV4S6yDuqVWHYOw==, registry: https://registry.npm.taobao.org/, tarball: https://registry.npmmirror.com/builtin-modules/-/builtin-modules-3.3.0.tgz}
    name: builtin-modules
    version: 3.3.0
    engines: {node: '>=6'}
    dev: true

  registry.npmmirror.com/chalk@2.4.2:
    resolution: {integrity: sha512-Mti+f9lpJNcwF4tWV8/OrTTtF1gZi+f8FqlyAdouralcFWFQWF2+NgCHShjkCb+IFBLq9buZwE1xckQU4peSuQ==, registry: https://registry.npm.taobao.org/, tarball: https://registry.npmmirror.com/chalk/-/chalk-2.4.2.tgz}
    name: chalk
    version: 2.4.2
    engines: {node: '>=4'}
    dependencies:
      ansi-styles: registry.npmmirror.com/ansi-styles@3.2.1
      escape-string-regexp: registry.npmmirror.com/escape-string-regexp@1.0.5
      supports-color: registry.npmmirror.com/supports-color@5.5.0
    dev: true

  registry.npmmirror.com/color-convert@1.9.3:
    resolution: {integrity: sha512-QfAUtd+vFdAtFQcC8CCyYt1fYWxSqAiK2cSD6zDB8N3cpsEBAvRxp9zOGg6G/SHHJYAT88/az/IuDGALsNVbGg==, registry: https://registry.npm.taobao.org/, tarball: https://registry.npmmirror.com/color-convert/-/color-convert-1.9.3.tgz}
    name: color-convert
    version: 1.9.3
    dependencies:
      color-name: registry.npmmirror.com/color-name@1.1.3
    dev: true

  registry.npmmirror.com/color-name@1.1.3:
    resolution: {integrity: sha512-72fSenhMw2HZMTVHeCA9KCmpEIbzWiQsjN+BHcBbS9vr1mtt+vJjPdksIBNUmKAW8TFUDPJK5SUU3QhE9NEXDw==, registry: https://registry.npm.taobao.org/, tarball: https://registry.npmmirror.com/color-name/-/color-name-1.1.3.tgz}
    name: color-name
    version: 1.1.3
    dev: true

  registry.npmmirror.com/commander@2.20.3:
    resolution: {integrity: sha512-GpVkmM8vF2vQUkj2LvZmD35JxeJOLCwJ9cUkugyk2nuhbv3+mJvpLYYt+0+USMxE+oj+ey/lJEnhZw75x/OMcQ==, registry: https://registry.npm.taobao.org/, tarball: https://registry.npmmirror.com/commander/-/commander-2.20.3.tgz}
    name: commander
    version: 2.20.3
    dev: true

  registry.npmmirror.com/deepmerge@4.3.1:
    resolution: {integrity: sha512-3sUqbMEc77XqpdNO7FRyRog+eW3ph+GYCbj+rK+uYyRMuwsVy0rMiVtPn+QJlKFvWP/1PYpapqYn0Me2knFn+A==, registry: https://registry.npm.taobao.org/, tarball: https://registry.npmmirror.com/deepmerge/-/deepmerge-4.3.1.tgz}
    name: deepmerge
    version: 4.3.1
    engines: {node: '>=0.10.0'}
    dev: true

  registry.npmmirror.com/escape-string-regexp@1.0.5:
    resolution: {integrity: sha512-vbRorB5FUQWvla16U8R/qgaFIya2qGzwDrNmCZuYKrbdSUMG6I1ZCGQRefkRVhuOkIGVne7BQ35DSfo1qvJqFg==, registry: https://registry.npm.taobao.org/, tarball: https://registry.npmmirror.com/escape-string-regexp/-/escape-string-regexp-1.0.5.tgz}
    name: escape-string-regexp
    version: 1.0.5
    engines: {node: '>=0.8.0'}
    dev: true

  registry.npmmirror.com/estree-walker@2.0.2:
    resolution: {integrity: sha512-Rfkk/Mp/DL7JVje3u18FxFujQlTNR2q6QfMSMB7AvCBx91NGj/ba3kCfza0f6dVDbw7YlRf/nDrn7pQrCCyQ/w==, registry: https://registry.npm.taobao.org/, tarball: https://registry.npmmirror.com/estree-walker/-/estree-walker-2.0.2.tgz}
    name: estree-walker
    version: 2.0.2
    dev: true

  registry.npmmirror.com/fsevents@2.3.3:
    resolution: {integrity: sha512-5xoDfX+fL7faATnagmWPpbFtwh/R77WmMMqqHGS65C3vvB0YHrgF+B1YmZ3441tMj5n63k0212XNoJwzlhffQw==, registry: https://registry.npm.taobao.org/, tarball: https://registry.npmmirror.com/fsevents/-/fsevents-2.3.3.tgz}
    name: fsevents
    version: 2.3.3
    engines: {node: ^8.16.0 || ^10.6.0 || >=11.0.0}
    os: [darwin]
    requiresBuild: true
    dev: true
    optional: true

  registry.npmmirror.com/function-bind@1.1.2:
    resolution: {integrity: sha512-7XHNxH7qX9xG5mIwxkhumTox/MIRNcOgDrxWsMt2pAr23WHp6MrRlN7FBSFpCpr+oVO0F744iUgR82nJMfG2SA==, registry: https://registry.npm.taobao.org/, tarball: https://registry.npmmirror.com/function-bind/-/function-bind-1.1.2.tgz}
    name: function-bind
    version: 1.1.2
    dev: true

  registry.npmmirror.com/has-flag@3.0.0:
    resolution: {integrity: sha512-sKJf1+ceQBr4SMkvQnBDNDtf4TXpVhVGateu0t918bl30FnbE2m4vNLX+VWe/dpjlb+HugGYzW7uQXH98HPEYw==, registry: https://registry.npm.taobao.org/, tarball: https://registry.npmmirror.com/has-flag/-/has-flag-3.0.0.tgz}
    name: has-flag
    version: 3.0.0
    engines: {node: '>=4'}
    dev: true

  registry.npmmirror.com/has-flag@4.0.0:
    resolution: {integrity: sha512-EykJT/Q1KjTWctppgIAgfSO0tKVuZUjhgMr17kqTumMl6Afv3EISleU7qZUzoXDFTAHTDC4NOoG/ZxU3EvlMPQ==, registry: https://registry.npm.taobao.org/, tarball: https://registry.npmmirror.com/has-flag/-/has-flag-4.0.0.tgz}
    name: has-flag
    version: 4.0.0
    engines: {node: '>=8'}
    dev: true

  registry.npmmirror.com/hasown@2.0.1:
    resolution: {integrity: sha512-1/th4MHjnwncwXsIW6QMzlvYL9kG5e/CpVvLRZe4XPa8TOUNbCELqmvhDmnkNsAjwaG4+I8gJJL0JBvTTLO9qA==, registry: https://registry.npm.taobao.org/, tarball: https://registry.npmmirror.com/hasown/-/hasown-2.0.1.tgz}
    name: hasown
    version: 2.0.1
    engines: {node: '>= 0.4'}
    dependencies:
      function-bind: registry.npmmirror.com/function-bind@1.1.2
    dev: true

  registry.npmmirror.com/is-builtin-module@3.2.1:
    resolution: {integrity: sha512-BSLE3HnV2syZ0FK0iMA/yUGplUeMmNz4AW5fnTunbCIqZi4vG3WjJT9FHMy5D69xmAYBHXQhJdALdpwVxV501A==, registry: https://registry.npm.taobao.org/, tarball: https://registry.npmmirror.com/is-builtin-module/-/is-builtin-module-3.2.1.tgz}
    name: is-builtin-module
    version: 3.2.1
    engines: {node: '>=6'}
    dependencies:
      builtin-modules: registry.npmmirror.com/builtin-modules@3.3.0
    dev: true

  registry.npmmirror.com/is-core-module@2.13.1:
    resolution: {integrity: sha512-hHrIjvZsftOsvKSn2TRYl63zvxsgE0K+0mYMoH6gD4omR5IWB2KynivBQczo3+wF1cCkjzvptnI9Q0sPU66ilw==, registry: https://registry.npm.taobao.org/, tarball: https://registry.npmmirror.com/is-core-module/-/is-core-module-2.13.1.tgz}
    name: is-core-module
    version: 2.13.1
    dependencies:
      hasown: registry.npmmirror.com/hasown@2.0.1
    dev: true

  registry.npmmirror.com/is-module@1.0.0:
    resolution: {integrity: sha512-51ypPSPCoTEIN9dy5Oy+h4pShgJmPCygKfyRCISBI+JoWT/2oJvK8QPxmwv7b/p239jXrm9M1mlQbyKJ5A152g==, registry: https://registry.npm.taobao.org/, tarball: https://registry.npmmirror.com/is-module/-/is-module-1.0.0.tgz}
    name: is-module
    version: 1.0.0
    dev: true

  registry.npmmirror.com/jest-worker@26.6.2:
    resolution: {integrity: sha512-KWYVV1c4i+jbMpaBC+U++4Va0cp8OisU185o73T1vo99hqi7w8tSJfUXYswwqqrjzwxa6KpRK54WhPvwf5w6PQ==, registry: https://registry.npm.taobao.org/, tarball: https://registry.npmmirror.com/jest-worker/-/jest-worker-26.6.2.tgz}
    name: jest-worker
    version: 26.6.2
    engines: {node: '>= 10.13.0'}
    dependencies:
      '@types/node': registry.npmmirror.com/@types/node@20.11.20
      merge-stream: registry.npmmirror.com/merge-stream@2.0.0
      supports-color: registry.npmmirror.com/supports-color@7.2.0
    dev: true

  registry.npmmirror.com/js-tokens@4.0.0:
    resolution: {integrity: sha512-RdJUflcE3cUzKiMqQgsCu06FPu9UdIJO0beYbPhHN4k6apgJtifcoCtT9bcxOpYBtpD2kCM6Sbzg4CausW/PKQ==, registry: https://registry.npm.taobao.org/, tarball: https://registry.npmmirror.com/js-tokens/-/js-tokens-4.0.0.tgz}
    name: js-tokens
    version: 4.0.0
    dev: true

  registry.npmmirror.com/merge-stream@2.0.0:
    resolution: {integrity: sha512-abv/qOcuPfk3URPfDzmZU1LKmuw8kT+0nIHvKrKgFrwifol/doWcdA4ZqsWQ8ENrFKkd67Mfpo/LovbIUsbt3w==, registry: https://registry.npm.taobao.org/, tarball: https://registry.npmmirror.com/merge-stream/-/merge-stream-2.0.0.tgz}
    name: merge-stream
    version: 2.0.0
    dev: true

  registry.npmmirror.com/path-parse@1.0.7:
    resolution: {integrity: sha512-LDJzPVEEEPR+y48z93A0Ed0yXb8pAByGWo/k5YYdYgpY2/2EsOsksJrq7lOHxryrVOn1ejG6oAp8ahvOIQD8sw==, registry: https://registry.npm.taobao.org/, tarball: https://registry.npmmirror.com/path-parse/-/path-parse-1.0.7.tgz}
    name: path-parse
    version: 1.0.7
    dev: true

  registry.npmmirror.com/picomatch@2.3.1:
    resolution: {integrity: sha512-JU3teHTNjmE2VCGFzuY8EXzCDVwEqB2a8fsIvwaStHhAWJEeVd1o1QD80CU6+ZdEXXSLbSsuLwJjkCBWqRQUVA==, registry: https://registry.npm.taobao.org/, tarball: https://registry.npmmirror.com/picomatch/-/picomatch-2.3.1.tgz}
    name: picomatch
    version: 2.3.1
    engines: {node: '>=8.6'}
    dev: true

  registry.npmmirror.com/randombytes@2.1.0:
    resolution: {integrity: sha512-vYl3iOX+4CKUWuxGi9Ukhie6fsqXqS9FE2Zaic4tNFD2N2QQaXOMFbuKK4QmDHC0JO6B1Zp41J0LpT0oR68amQ==, registry: https://registry.npm.taobao.org/, tarball: https://registry.npmmirror.com/randombytes/-/randombytes-2.1.0.tgz}
    name: randombytes
    version: 2.1.0
    dependencies:
      safe-buffer: registry.npmmirror.com/safe-buffer@5.2.1
    dev: true

  registry.npmmirror.com/resolve@1.22.8:
    resolution: {integrity: sha512-oKWePCxqpd6FlLvGV1VU0x7bkPmmCNolxzjMf4NczoDnQcIWrAF+cPtZn5i6n+RfD2d9i0tzpKnG6Yk168yIyw==, registry: https://registry.npm.taobao.org/, tarball: https://registry.npmmirror.com/resolve/-/resolve-1.22.8.tgz}
    name: resolve
    version: 1.22.8
    hasBin: true
    dependencies:
      is-core-module: registry.npmmirror.com/is-core-module@2.13.1
      path-parse: registry.npmmirror.com/path-parse@1.0.7
      supports-preserve-symlinks-flag: registry.npmmirror.com/supports-preserve-symlinks-flag@1.0.0
    dev: true

  registry.npmmirror.com/rollup-plugin-terser@7.0.2(rollup@4.12.0):
    resolution: {integrity: sha512-w3iIaU4OxcF52UUXiZNsNeuXIMDvFrr+ZXK6bFZ0Q60qyVfq4uLptoS4bbq3paG3x216eQllFZX7zt6TIImguQ==, registry: https://registry.npm.taobao.org/, tarball: https://registry.npmmirror.com/rollup-plugin-terser/-/rollup-plugin-terser-7.0.2.tgz}
    id: registry.npmmirror.com/rollup-plugin-terser/7.0.2
    name: rollup-plugin-terser
    version: 7.0.2
    deprecated: This package has been deprecated and is no longer maintained. Please use @rollup/plugin-terser
    peerDependencies:
      rollup: ^2.0.0
    dependencies:
      '@babel/code-frame': registry.npmmirror.com/@babel/code-frame@7.23.5
      jest-worker: registry.npmmirror.com/jest-worker@26.6.2
      rollup: registry.npmmirror.com/rollup@4.12.0
      serialize-javascript: registry.npmmirror.com/serialize-javascript@4.0.0
      terser: registry.npmmirror.com/terser@5.28.0
    dev: true

  registry.npmmirror.com/rollup@4.12.0:
    resolution: {integrity: sha512-wz66wn4t1OHIJw3+XU7mJJQV/2NAfw5OAk6G6Hoo3zcvz/XOfQ52Vgi+AN4Uxoxi0KBBwk2g8zPrTDA4btSB/Q==, registry: https://registry.npm.taobao.org/, tarball: https://registry.npmmirror.com/rollup/-/rollup-4.12.0.tgz}
    name: rollup
    version: 4.12.0
    engines: {node: '>=18.0.0', npm: '>=8.0.0'}
    hasBin: true
    dependencies:
      '@types/estree': registry.npmmirror.com/@types/estree@1.0.5
    optionalDependencies:
      '@rollup/rollup-android-arm-eabi': registry.npmmirror.com/@rollup/rollup-android-arm-eabi@4.12.0
      '@rollup/rollup-android-arm64': registry.npmmirror.com/@rollup/rollup-android-arm64@4.12.0
      '@rollup/rollup-darwin-arm64': registry.npmmirror.com/@rollup/rollup-darwin-arm64@4.12.0
      '@rollup/rollup-darwin-x64': registry.npmmirror.com/@rollup/rollup-darwin-x64@4.12.0
      '@rollup/rollup-linux-arm-gnueabihf': registry.npmmirror.com/@rollup/rollup-linux-arm-gnueabihf@4.12.0
      '@rollup/rollup-linux-arm64-gnu': registry.npmmirror.com/@rollup/rollup-linux-arm64-gnu@4.12.0
      '@rollup/rollup-linux-arm64-musl': registry.npmmirror.com/@rollup/rollup-linux-arm64-musl@4.12.0
      '@rollup/rollup-linux-riscv64-gnu': registry.npmmirror.com/@rollup/rollup-linux-riscv64-gnu@4.12.0
      '@rollup/rollup-linux-x64-gnu': registry.npmmirror.com/@rollup/rollup-linux-x64-gnu@4.12.0
      '@rollup/rollup-linux-x64-musl': registry.npmmirror.com/@rollup/rollup-linux-x64-musl@4.12.0
      '@rollup/rollup-win32-arm64-msvc': registry.npmmirror.com/@rollup/rollup-win32-arm64-msvc@4.12.0
      '@rollup/rollup-win32-ia32-msvc': registry.npmmirror.com/@rollup/rollup-win32-ia32-msvc@4.12.0
      '@rollup/rollup-win32-x64-msvc': registry.npmmirror.com/@rollup/rollup-win32-x64-msvc@4.12.0
      fsevents: registry.npmmirror.com/fsevents@2.3.3
    dev: true

  registry.npmmirror.com/safe-buffer@5.2.1:
    resolution: {integrity: sha512-rp3So07KcdmmKbGvgaNxQSJr7bGVSVk5S9Eq1F+ppbRo70+YeaDxkw5Dd8NPN+GD6bjnYm2VuPuCXmpuYvmCXQ==, registry: https://registry.npm.taobao.org/, tarball: https://registry.npmmirror.com/safe-buffer/-/safe-buffer-5.2.1.tgz}
    name: safe-buffer
    version: 5.2.1
    dev: true

  registry.npmmirror.com/serialize-javascript@4.0.0:
    resolution: {integrity: sha512-GaNA54380uFefWghODBWEGisLZFj00nS5ACs6yHa9nLqlLpVLO8ChDGeKRjZnV4Nh4n0Qi7nhYZD/9fCPzEqkw==, registry: https://registry.npm.taobao.org/, tarball: https://registry.npmmirror.com/serialize-javascript/-/serialize-javascript-4.0.0.tgz}
    name: serialize-javascript
    version: 4.0.0
    dependencies:
      randombytes: registry.npmmirror.com/randombytes@2.1.0
    dev: true

  registry.npmmirror.com/slash@4.0.0:
    resolution: {integrity: sha512-3dOsAHXXUkQTpOYcoAxLIorMTp4gIQr5IW3iVb7A7lFIp0VHhnynm9izx6TssdrIcVIESAlVjtnO2K8bg+Coew==, registry: https://registry.npm.taobao.org/, tarball: https://registry.npmmirror.com/slash/-/slash-4.0.0.tgz}
    name: slash
    version: 4.0.0
    engines: {node: '>=12'}
    dev: true

  registry.npmmirror.com/source-map-support@0.5.21:
    resolution: {integrity: sha512-uBHU3L3czsIyYXKX88fdrGovxdSCoTGDRZ6SYXtSRxLZUzHg5P/66Ht6uoUlHu9EZod+inXhKo3qQgwXUT/y1w==, registry: https://registry.npm.taobao.org/, tarball: https://registry.npmmirror.com/source-map-support/-/source-map-support-0.5.21.tgz}
    name: source-map-support
    version: 0.5.21
    dependencies:
      buffer-from: registry.npmmirror.com/buffer-from@1.1.2
      source-map: registry.npmmirror.com/source-map@0.6.1
    dev: true

  registry.npmmirror.com/source-map@0.6.1:
    resolution: {integrity: sha512-UjgapumWlbMhkBgzT7Ykc5YXUT46F0iKu8SGXq0bcwP5dz/h0Plj6enJqjz1Zbq2l5WaqYnrVbwWOWMyF3F47g==, registry: https://registry.npm.taobao.org/, tarball: https://registry.npmmirror.com/source-map/-/source-map-0.6.1.tgz}
    name: source-map
    version: 0.6.1
    engines: {node: '>=0.10.0'}
    dev: true

  registry.npmmirror.com/supports-color@5.5.0:
    resolution: {integrity: sha512-QjVjwdXIt408MIiAqCX4oUKsgU2EqAGzs2Ppkm4aQYbjm+ZEWEcW4SfFNTr4uMNZma0ey4f5lgLrkB0aX0QMow==, registry: https://registry.npm.taobao.org/, tarball: https://registry.npmmirror.com/supports-color/-/supports-color-5.5.0.tgz}
    name: supports-color
    version: 5.5.0
    engines: {node: '>=4'}
    dependencies:
      has-flag: registry.npmmirror.com/has-flag@3.0.0
    dev: true

  registry.npmmirror.com/supports-color@7.2.0:
    resolution: {integrity: sha512-qpCAvRl9stuOHveKsn7HncJRvv501qIacKzQlO/+Lwxc9+0q2wLyv4Dfvt80/DPn2pqOBsJdDiogXGR9+OvwRw==, registry: https://registry.npm.taobao.org/, tarball: https://registry.npmmirror.com/supports-color/-/supports-color-7.2.0.tgz}
    name: supports-color
    version: 7.2.0
    engines: {node: '>=8'}
    dependencies:
      has-flag: registry.npmmirror.com/has-flag@4.0.0
    dev: true

  registry.npmmirror.com/supports-preserve-symlinks-flag@1.0.0:
    resolution: {integrity: sha512-ot0WnXS9fgdkgIcePe6RHNk1WA8+muPa6cSjeR3V8K27q9BB1rTE3R1p7Hv0z1ZyAc8s6Vvv8DIyWf681MAt0w==, registry: https://registry.npm.taobao.org/, tarball: https://registry.npmmirror.com/supports-preserve-symlinks-flag/-/supports-preserve-symlinks-flag-1.0.0.tgz}
    name: supports-preserve-symlinks-flag
    version: 1.0.0
    engines: {node: '>= 0.4'}
    dev: true

  registry.npmmirror.com/terser@5.28.0:
    resolution: {integrity: sha512-UK1n2JZN6gqfwmjzcikRp+uF/7jdwPXO7M0k/Hnqxzj3T5POL4YBVrv5Y4MKixTzBq4OmH7FfEYRxcy/Eh7YhA==, registry: https://registry.npm.taobao.org/, tarball: https://registry.npmmirror.com/terser/-/terser-5.28.0.tgz}
    name: terser
    version: 5.28.0
    engines: {node: '>=10'}
    hasBin: true
    dependencies:
      '@jridgewell/source-map': registry.npmmirror.com/@jridgewell/source-map@0.3.5
      acorn: registry.npmmirror.com/acorn@8.11.3
      commander: registry.npmmirror.com/commander@2.20.3
      source-map-support: registry.npmmirror.com/source-map-support@0.5.21
    dev: true

  registry.npmmirror.com/tslib@2.6.2:
    resolution: {integrity: sha512-AEYxH93jGFPn/a2iVAwW87VuUIkR1FVUKB77NwMF7nBTDkDrrT/Hpt/IrCJ0QXhW27jTBDcf5ZY7w6RiqTMw2Q==, registry: https://registry.npm.taobao.org/, tarball: https://registry.npmmirror.com/tslib/-/tslib-2.6.2.tgz}
    name: tslib
    version: 2.6.2
    dev: true

  registry.npmmirror.com/typescript@5.3.3:
    resolution: {integrity: sha512-pXWcraxM0uxAS+tN0AG/BF2TyqmHO014Z070UsJ+pFvYuRSq8KH8DmWpnbXe0pEPDHXZV3FcAbJkijJ5oNEnWw==, registry: https://registry.npm.taobao.org/, tarball: https://registry.npmmirror.com/typescript/-/typescript-5.3.3.tgz}
    name: typescript
    version: 5.3.3
    engines: {node: '>=14.17'}
    hasBin: true
    dev: true

  registry.npmmirror.com/undici-types@5.26.5:
    resolution: {integrity: sha512-JlCMO+ehdEIKqlFxk6IfVoAUVmgz7cU7zD/h9XZ0qzeosSHmUJVOzSQvvYSYWXkFXC+IfLKSIffhv0sVZup6pA==, registry: https://registry.npm.taobao.org/, tarball: https://registry.npmmirror.com/undici-types/-/undici-types-5.26.5.tgz}
    name: undici-types
    version: 5.26.5
    dev: true
